
Microsoft Visual Studio Solution File, Format Version 12.00
# Visual Studio Version 16
VisualStudioVersion = 16.0.30011.22
MinimumVisualStudioVersion = 10.0.40219.1
Project("{FAE04EC0-301F-11D3-BF4B-00C04F79EFBC}") = "SRP", "SOLID\SRP.csproj", "{857C2EFB-2A81-47FE-A99C-56A5DF6B3B77}"
EndProject
Project("{FAE04EC0-301F-11D3-BF4B-00C04F79EFBC}") = "SRP.Refactoring", "SRP.Refactoring\SRP.Refactoring.csproj", "{A209B9DA-739A-4BC6-819E-DB5BDB6FF5D5}"
EndProject
Project("{FAE04EC0-301F-11D3-BF4B-00C04F79EFBC}") = "OCP", "OCP\OCP.csproj", "{C34A5E31-21CA-4C98-8617-551886B0A7C3}"
EndProject
Project("{FAE04EC0-301F-11D3-BF4B-00C04F79EFBC}") = "OCP.Refactoring", "OCP.Refactoring\OCP.Refactoring.csproj", "{1E01F940-A7B8-4258-AE46-5A98C6337E34}"
EndProject
Project("{FAE04EC0-301F-11D3-BF4B-00C04F79EFBC}") = "LCP", "LCP\LCP.csproj", "{732316DD-4855-4FCE-93B3-E6FEB6A895CA}"
EndProject
Project("{FAE04EC0-301F-11D3-BF4B-00C04F79EFBC}") = "LCP.Refactoring.Domain", "LCP.Refactoring.Domain\LCP.Refactoring.Domain.csproj", "{66C81575-3026-4867-8124-5D4D63CBF35D}"
EndProject
Project("{FAE04EC0-301F-11D3-BF4B-00C04F79EFBC}") = "LCP.Refactoring.Application", "LCP.Refactoring.Application\LCP.Refactoring.Application.csproj", "{C5512CC4-FEFE-478C-82CB-61485F96D732}"
EndProject
Project("{FAE04EC0-301F-11D3-BF4B-00C04F79EFBC}") = "LCP.Refactoring.ReadModel", "LCP.Refactoring.ReadModel\LCP.Refactoring.ReadModel.csproj", "{C4DAB955-3198-4D56-A97F-6F152640E4EB}"
EndProject
Project("{2150E333-8FDC-42A3-9474-1A3956D46DE8}") = "LCP.Refactoring", "LCP.Refactoring", "{5C7DD871-4779-43C7-863E-4FB8B21C4FA5}"
EndProject
Global
	GlobalSection(SolutionConfigurationPlatforms) = preSolution
		Debug|Any CPU = Debug|Any CPU
		Release|Any CPU = Release|Any CPU
	EndGlobalSection
	GlobalSection(ProjectConfigurationPlatforms) = postSolution
		{857C2EFB-2A81-47FE-A99C-56A5DF6B3B77}.Debug|Any CPU.ActiveCfg = Debug|Any CPU
		{857C2EFB-2A81-47FE-A99C-56A5DF6B3B77}.Debug|Any CPU.Build.0 = Debug|Any CPU
		{857C2EFB-2A81-47FE-A99C-56A5DF6B3B77}.Release|Any CPU.ActiveCfg = Release|Any CPU
		{857C2EFB-2A81-47FE-A99C-56A5DF6B3B77}.Release|Any CPU.Build.0 = Release|Any CPU
		{A209B9DA-739A-4BC6-819E-DB5BDB6FF5D5}.Debug|Any CPU.ActiveCfg = Debug|Any CPU
		{A209B9DA-739A-4BC6-819E-DB5BDB6FF5D5}.Debug|Any CPU.Build.0 = Debug|Any CPU
		{A209B9DA-739A-4BC6-819E-DB5BDB6FF5D5}.Release|Any CPU.ActiveCfg = Release|Any CPU
		{A209B9DA-739A-4BC6-819E-DB5BDB6FF5D5}.Release|Any CPU.Build.0 = Release|Any CPU
		{C34A5E31-21CA-4C98-8617-551886B0A7C3}.Debug|Any CPU.ActiveCfg = Debug|Any CPU
		{C34A5E31-21CA-4C98-8617-551886B0A7C3}.Debug|Any CPU.Build.0 = Debug|Any CPU
		{C34A5E31-21CA-4C98-8617-551886B0A7C3}.Release|Any CPU.ActiveCfg = Release|Any CPU
		{C34A5E31-21CA-4C98-8617-551886B0A7C3}.Release|Any CPU.Build.0 = Release|Any CPU
		{1E01F940-A7B8-4258-AE46-5A98C6337E34}.Debug|Any CPU.ActiveCfg = Debug|Any CPU
		{1E01F940-A7B8-4258-AE46-5A98C6337E34}.Debug|Any CPU.Build.0 = Debug|Any CPU
		{1E01F940-A7B8-4258-AE46-5A98C6337E34}.Release|Any CPU.ActiveCfg = Release|Any CPU
		{1E01F940-A7B8-4258-AE46-5A98C6337E34}.Release|Any CPU.Build.0 = Release|Any CPU
		{732316DD-4855-4FCE-93B3-E6FEB6A895CA}.Debug|Any CPU.ActiveCfg = Debug|Any CPU
		{732316DD-4855-4FCE-93B3-E6FEB6A895CA}.Debug|Any CPU.Build.0 = Debug|Any CPU
		{732316DD-4855-4FCE-93B3-E6FEB6A895CA}.Release|Any CPU.ActiveCfg = Release|Any CPU
		{732316DD-4855-4FCE-93B3-E6FEB6A895CA}.Release|Any CPU.Build.0 = Release|Any CPU
		{66C81575-3026-4867-8124-5D4D63CBF35D}.Debug|Any CPU.ActiveCfg = Debug|Any CPU
		{66C81575-3026-4867-8124-5D4D63CBF35D}.Debug|Any CPU.Build.0 = Debug|Any CPU
		{66C81575-3026-4867-8124-5D4D63CBF35D}.Release|Any CPU.ActiveCfg = Release|Any CPU
		{66C81575-3026-4867-8124-5D4D63CBF35D}.Release|Any CPU.Build.0 = Release|Any CPU
		{C5512CC4-FEFE-478C-82CB-61485F96D732}.Debug|Any CPU.ActiveCfg = Debug|Any CPU
		{C5512CC4-FEFE-478C-82CB-61485F96D732}.Debug|Any CPU.Build.0 = Debug|Any CPU
		{C5512CC4-FEFE-478C-82CB-61485F96D732}.Release|Any CPU.ActiveCfg = Release|Any CPU
		{C5512CC4-FEFE-478C-82CB-61485F96D732}.Release|Any CPU.Build.0 = Release|Any CPU
		{C4DAB955-3198-4D56-A97F-6F152640E4EB}.Debug|Any CPU.ActiveCfg = Debug|Any CPU
		{C4DAB955-3198-4D56-A97F-6F152640E4EB}.Debug|Any CPU.Build.0 = Debug|Any CPU
		{C4DAB955-3198-4D56-A97F-6F152640E4EB}.Release|Any CPU.ActiveCfg = Release|Any CPU
		{C4DAB955-3198-4D56-A97F-6F152640E4EB}.Release|Any CPU.Build.0 = Release|Any CPU
	EndGlobalSection
	GlobalSection(SolutionProperties) = preSolution
		HideSolutionNode = FALSE
	EndGlobalSection
	GlobalSection(NestedProjects) = preSolution
		{66C81575-3026-4867-8124-5D4D63CBF35D} = {5C7DD871-4779-43C7-863E-4FB8B21C4FA5}
		{C5512CC4-FEFE-478C-82CB-61485F96D732} = {5C7DD871-4779-43C7-863E-4FB8B21C4FA5}
		{C4DAB955-3198-4D56-A97F-6F152640E4EB} = {5C7DD871-4779-43C7-863E-4FB8B21C4FA5}
	EndGlobalSection
	GlobalSection(ExtensibilityGlobals) = postSolution
		SolutionGuid = {BDCB1E7A-9251-49FE-8715-91325C31E6E4}
	EndGlobalSection
EndGlobal
