
Microsoft Visual Studio Solution File, Format Version 12.00
# Visual Studio 15
VisualStudioVersion = 15.0.28307.1022
MinimumVisualStudioVersion = 10.0.40219.1
Project("{FAE04EC0-301F-11D3-BF4B-00C04F79EFBC}") = "SRP", "SOLID\SRP.csproj", "{857C2EFB-2A81-47FE-A99C-56A5DF6B3B77}"
EndProject
Project("{FAE04EC0-301F-11D3-BF4B-00C04F79EFBC}") = "SRP.Refactoring", "SRP.Refactoring\SRP.Refactoring.csproj", "{A209B9DA-739A-4BC6-819E-DB5BDB6FF5D5}"
EndProject
Project("{FAE04EC0-301F-11D3-BF4B-00C04F79EFBC}") = "OCP", "OCP\OCP.csproj", "{C34A5E31-21CA-4C98-8617-551886B0A7C3}"
EndProject
Global
	GlobalSection(SolutionConfigurationPlatforms) = preSolution
		Debug|Any CPU = Debug|Any CPU
		Release|Any CPU = Release|Any CPU
	EndGlobalSection
	GlobalSection(ProjectConfigurationPlatforms) = postSolution
		{857C2EFB-2A81-47FE-A99C-56A5DF6B3B77}.Debug|Any CPU.ActiveCfg = Debug|Any CPU
		{857C2EFB-2A81-47FE-A99C-56A5DF6B3B77}.Debug|Any CPU.Build.0 = Debug|Any CPU
		{857C2EFB-2A81-47FE-A99C-56A5DF6B3B77}.Release|Any CPU.ActiveCfg = Release|Any CPU
		{857C2EFB-2A81-47FE-A99C-56A5DF6B3B77}.Release|Any CPU.Build.0 = Release|Any CPU
		{A209B9DA-739A-4BC6-819E-DB5BDB6FF5D5}.Debug|Any CPU.ActiveCfg = Debug|Any CPU
		{A209B9DA-739A-4BC6-819E-DB5BDB6FF5D5}.Debug|Any CPU.Build.0 = Debug|Any CPU
		{A209B9DA-739A-4BC6-819E-DB5BDB6FF5D5}.Release|Any CPU.ActiveCfg = Release|Any CPU
		{A209B9DA-739A-4BC6-819E-DB5BDB6FF5D5}.Release|Any CPU.Build.0 = Release|Any CPU
		{C34A5E31-21CA-4C98-8617-551886B0A7C3}.Debug|Any CPU.ActiveCfg = Debug|Any CPU
		{C34A5E31-21CA-4C98-8617-551886B0A7C3}.Debug|Any CPU.Build.0 = Debug|Any CPU
		{C34A5E31-21CA-4C98-8617-551886B0A7C3}.Release|Any CPU.ActiveCfg = Release|Any CPU
		{C34A5E31-21CA-4C98-8617-551886B0A7C3}.Release|Any CPU.Build.0 = Release|Any CPU
	EndGlobalSection
	GlobalSection(SolutionProperties) = preSolution
		HideSolutionNode = FALSE
	EndGlobalSection
	GlobalSection(ExtensibilityGlobals) = postSolution
		SolutionGuid = {BDCB1E7A-9251-49FE-8715-91325C31E6E4}
	EndGlobalSection
EndGlobal
